
Microsoft Visual Studio Solution File, Format Version 12.00
# Visual Studio 15
VisualStudioVersion = 15.0.28010.2048
MinimumVisualStudioVersion = 10.0.40219.1
Project("{2150E333-8FDC-42A3-9474-1A3956D46DE8}") = "src", "src", "{D472F8C1-5017-4A48-9EDC-6B7D94734C69}"
EndProject
Project("{2150E333-8FDC-42A3-9474-1A3956D46DE8}") = "Clients", "Clients", "{FAC1357F-226C-4E33-A8CC-273E1FF7AF48}"
EndProject
Project("{2150E333-8FDC-42A3-9474-1A3956D46DE8}") = "IDE", "IDE", "{13DC44C5-15D7-49C0-8F10-97AB37A8CF4A}"
EndProject
Project("{FAE04EC0-301F-11D3-BF4B-00C04F79EFBC}") = "TuringMachine.IDE.WPF", "src\Clients\IDE\TuringMachine.IDE.WPF\TuringMachine.IDE.WPF.csproj", "{49E96DFD-6A6B-4F28-B6F8-FECFDB9EEF04}"
EndProject
Project("{9A19103F-16F7-4668-BE54-9A1E7A4F7556}") = "TuringMachine.IDE", "src\Clients\IDE\TuringMachine.IDE\TuringMachine.IDE.csproj", "{6CC11B76-3C13-4CF9-A33C-0048706D4536}"
EndProject
Project("{FAE04EC0-301F-11D3-BF4B-00C04F79EFBC}") = "TuringMachine", "src\Clients\IDE\TuringMachine\TuringMachine.csproj", "{F039DC21-8619-46D3-AB14-331FBFD8E86F}"
EndProject
Project("{FAE04EC0-301F-11D3-BF4B-00C04F79EFBC}") = "TuringMachine.Format", "src\Clients\IDE\TuringMachine.Format\TuringMachine.Format.csproj", "{4AC2A2BC-65D2-4785-97C0-9F067B85BE13}"
EndProject
Global
	GlobalSection(SolutionConfigurationPlatforms) = preSolution
		Debug|Any CPU = Debug|Any CPU
		Release|Any CPU = Release|Any CPU
	EndGlobalSection
	GlobalSection(ProjectConfigurationPlatforms) = postSolution
		{49E96DFD-6A6B-4F28-B6F8-FECFDB9EEF04}.Debug|Any CPU.ActiveCfg = Debug|Any CPU
		{49E96DFD-6A6B-4F28-B6F8-FECFDB9EEF04}.Debug|Any CPU.Build.0 = Debug|Any CPU
		{49E96DFD-6A6B-4F28-B6F8-FECFDB9EEF04}.Release|Any CPU.ActiveCfg = Release|Any CPU
		{49E96DFD-6A6B-4F28-B6F8-FECFDB9EEF04}.Release|Any CPU.Build.0 = Release|Any CPU
		{6CC11B76-3C13-4CF9-A33C-0048706D4536}.Debug|Any CPU.ActiveCfg = Debug|Any CPU
		{6CC11B76-3C13-4CF9-A33C-0048706D4536}.Debug|Any CPU.Build.0 = Debug|Any CPU
		{6CC11B76-3C13-4CF9-A33C-0048706D4536}.Release|Any CPU.ActiveCfg = Release|Any CPU
		{6CC11B76-3C13-4CF9-A33C-0048706D4536}.Release|Any CPU.Build.0 = Release|Any CPU
		{F039DC21-8619-46D3-AB14-331FBFD8E86F}.Debug|Any CPU.ActiveCfg = Debug|Any CPU
		{F039DC21-8619-46D3-AB14-331FBFD8E86F}.Debug|Any CPU.Build.0 = Debug|Any CPU
		{F039DC21-8619-46D3-AB14-331FBFD8E86F}.Release|Any CPU.ActiveCfg = Release|Any CPU
		{F039DC21-8619-46D3-AB14-331FBFD8E86F}.Release|Any CPU.Build.0 = Release|Any CPU
		{4AC2A2BC-65D2-4785-97C0-9F067B85BE13}.Debug|Any CPU.ActiveCfg = Debug|Any CPU
		{4AC2A2BC-65D2-4785-97C0-9F067B85BE13}.Debug|Any CPU.Build.0 = Debug|Any CPU
		{4AC2A2BC-65D2-4785-97C0-9F067B85BE13}.Release|Any CPU.ActiveCfg = Release|Any CPU
		{4AC2A2BC-65D2-4785-97C0-9F067B85BE13}.Release|Any CPU.Build.0 = Release|Any CPU
	EndGlobalSection
	GlobalSection(SolutionProperties) = preSolution
		HideSolutionNode = FALSE
	EndGlobalSection
	GlobalSection(NestedProjects) = preSolution
		{FAC1357F-226C-4E33-A8CC-273E1FF7AF48} = {D472F8C1-5017-4A48-9EDC-6B7D94734C69}
		{13DC44C5-15D7-49C0-8F10-97AB37A8CF4A} = {FAC1357F-226C-4E33-A8CC-273E1FF7AF48}
		{49E96DFD-6A6B-4F28-B6F8-FECFDB9EEF04} = {13DC44C5-15D7-49C0-8F10-97AB37A8CF4A}
		{6CC11B76-3C13-4CF9-A33C-0048706D4536} = {13DC44C5-15D7-49C0-8F10-97AB37A8CF4A}
		{F039DC21-8619-46D3-AB14-331FBFD8E86F} = {13DC44C5-15D7-49C0-8F10-97AB37A8CF4A}
		{4AC2A2BC-65D2-4785-97C0-9F067B85BE13} = {13DC44C5-15D7-49C0-8F10-97AB37A8CF4A}
	EndGlobalSection
	GlobalSection(ExtensibilityGlobals) = postSolution
		SolutionGuid = {3F171484-AA5C-4DBA-A06A-29A83928B9E9}
	EndGlobalSection
EndGlobal
