
Microsoft Visual Studio Solution File, Format Version 12.00
# Visual Studio 15
VisualStudioVersion = 15.0.28010.2048
MinimumVisualStudioVersion = 10.0.40219.1
Project("{2150E333-8FDC-42A3-9474-1A3956D46DE8}") = "src", "src", "{D472F8C1-5017-4A48-9EDC-6B7D94734C69}"
EndProject
Project("{2150E333-8FDC-42A3-9474-1A3956D46DE8}") = "Business", "Business", "{FF1AB8BF-40F6-4B60-9A92-5EE770760D15}"
EndProject
Project("{6EC3EE1D-3C4E-46DD-8F32-0CC8E7565705}") = "TuringMachine.FSharp", "src\Business\FSharp\TuringMachine.FSharp.fsproj", "{A5A927B8-C89C-4D9A-A378-76A70A4A8F9F}"
EndProject
Global
	GlobalSection(SolutionConfigurationPlatforms) = preSolution
		Debug|Any CPU = Debug|Any CPU
		Release|Any CPU = Release|Any CPU
	EndGlobalSection
	GlobalSection(ProjectConfigurationPlatforms) = postSolution
		{A5A927B8-C89C-4D9A-A378-76A70A4A8F9F}.Debug|Any CPU.ActiveCfg = Debug|Any CPU
		{A5A927B8-C89C-4D9A-A378-76A70A4A8F9F}.Debug|Any CPU.Build.0 = Debug|Any CPU
		{A5A927B8-C89C-4D9A-A378-76A70A4A8F9F}.Release|Any CPU.ActiveCfg = Release|Any CPU
		{A5A927B8-C89C-4D9A-A378-76A70A4A8F9F}.Release|Any CPU.Build.0 = Release|Any CPU
	EndGlobalSection
	GlobalSection(SolutionProperties) = preSolution
		HideSolutionNode = FALSE
	EndGlobalSection
	GlobalSection(NestedProjects) = preSolution
		{FF1AB8BF-40F6-4B60-9A92-5EE770760D15} = {D472F8C1-5017-4A48-9EDC-6B7D94734C69}
		{A5A927B8-C89C-4D9A-A378-76A70A4A8F9F} = {FF1AB8BF-40F6-4B60-9A92-5EE770760D15}
	EndGlobalSection
	GlobalSection(ExtensibilityGlobals) = postSolution
		SolutionGuid = {3F171484-AA5C-4DBA-A06A-29A83928B9E9}
	EndGlobalSection
EndGlobal
