
Microsoft Visual Studio Solution File, Format Version 12.00
# Visual Studio 15
VisualStudioVersion = 15.0.28010.2016
MinimumVisualStudioVersion = 10.0.40219.1
Project("{FAE04EC0-301F-11D3-BF4B-00C04F79EFBC}") = "Turing.WPF", "Turing.WPF\Turing.WPF.csproj", "{174FB49B-EBAC-4659-BC9F-90BFFBACDABD}"
EndProject
Project("{FAE04EC0-301F-11D3-BF4B-00C04F79EFBC}") = "Turing", "Turing\Turing.csproj", "{BA2A95F3-9D34-4F1A-8AC5-D1B73B53BB7F}"
EndProject
Global
	GlobalSection(SolutionConfigurationPlatforms) = preSolution
		Debug|Any CPU = Debug|Any CPU
		Release|Any CPU = Release|Any CPU
	EndGlobalSection
	GlobalSection(ProjectConfigurationPlatforms) = postSolution
		{174FB49B-EBAC-4659-BC9F-90BFFBACDABD}.Debug|Any CPU.ActiveCfg = Debug|Any CPU
		{174FB49B-EBAC-4659-BC9F-90BFFBACDABD}.Debug|Any CPU.Build.0 = Debug|Any CPU
		{174FB49B-EBAC-4659-BC9F-90BFFBACDABD}.Release|Any CPU.ActiveCfg = Release|Any CPU
		{174FB49B-EBAC-4659-BC9F-90BFFBACDABD}.Release|Any CPU.Build.0 = Release|Any CPU
		{BA2A95F3-9D34-4F1A-8AC5-D1B73B53BB7F}.Debug|Any CPU.ActiveCfg = Debug|Any CPU
		{BA2A95F3-9D34-4F1A-8AC5-D1B73B53BB7F}.Debug|Any CPU.Build.0 = Debug|Any CPU
		{BA2A95F3-9D34-4F1A-8AC5-D1B73B53BB7F}.Release|Any CPU.ActiveCfg = Release|Any CPU
		{BA2A95F3-9D34-4F1A-8AC5-D1B73B53BB7F}.Release|Any CPU.Build.0 = Release|Any CPU
	EndGlobalSection
	GlobalSection(SolutionProperties) = preSolution
		HideSolutionNode = FALSE
	EndGlobalSection
	GlobalSection(ExtensibilityGlobals) = postSolution
		SolutionGuid = {46D8064F-86B3-4D79-8AE3-757C71FE1F25}
	EndGlobalSection
EndGlobal
